<Solution>
  <Folder Name="/src/">
    <Project Path="src/Blazorly.Harness.Cli/Blazorly.Harness.Cli.csproj" />
    <Project Path="src/Blazorly.Harness.Core/Blazorly.Harness.Core.csproj" />
    <Project Path="src/Blazorly.Harness.Kernel/Blazorly.Harness.Kernel.csproj" />
    <Project Path="src/Blazorly.Harness.Llm/Blazorly.Harness.Llm.csproj" />
    <Project Path="src/Blazorly.Harness.ScriptRunner/Blazorly.Harness.ScriptRunner.csproj" />
    <Project Path="src/Blazorly.Harness.Persistence/Blazorly.Harness.Persistence.csproj" />
    <Project Path="src/Blazorly.Harness.Sdk/Blazorly.Harness.Sdk.csproj" />
    <Project Path="src/Blazorly.Harness.Tools/Blazorly.Harness.Tools.csproj" />
    <Project Path="src/Blazorly.Harness.Web/Blazorly.Harness.Web.csproj" />
  </Folder>
  <Folder Name="/tests/">
    <Project Path="tests/Blazorly.Harness.Tests/Blazorly.Harness.Tests.csproj" />
  </Folder>
</Solution>
